# This file is automatically @generated by Poetry 2.2.1 and should not be changed by hand.

[[package]]
name = "bcrypt"
version = "5.0.0"
description = "Modern password hashing for your software and your servers"
optional = false
python-versions = ">=3.8"
groups = ["main"]
files = [
    {file = "bcrypt-5.0.0-cp313-cp313t-macosx_10_12_universal2.whl", hash = "sha256:f3c08197f3039bec79cee59a606d62b96b16669cff3949f21e74796b6e3cd2be"},
    {file = "bcrypt-5.0.0-cp313-cp313t-manylinux2014_aarch64.manylinux_2_17_aarch64.whl", hash = "sha256:200af71bc25f22006f4069060c88ed36f8aa4ff7f53e67ff04d2ab3f1e79a5b2"},
    {file = "bcrypt-5.0.0-cp313-cp313t-manylinux2014_x86_64.manylinux_2_17_x86_64.whl", hash = "sha256:baade0a5657654c2984468efb7d6c110db87ea63ef5a4b54732e7e337253e44f"},
    {file = "bcrypt-5.0.0-cp313-cp313t-manylinux_2_28_aarch64.whl", hash = "sha256:c58b56cdfb03202b3bcc9fd8daee8e8e9b6d7e3163aa97c631dfcfcc24d36c86"},
    {file = "bcrypt-5.0.0-cp313-cp313t-manylinux_2_28_armv7l.manylinux_2_31_armv7l.whl", hash = "sha256:4bfd2a34de661f34d0bda43c3e4e79df586e4716ef401fe31ea39d69d581ef23"},
    {file = "bcrypt-5.0.0-cp313-cp313t-manylinux_2_28_x86_64.whl", hash = "sha256:ed2e1365e31fc73f1825fa830f1c8f8917ca1b3ca6185773b349c20fd606cec2"},
    {file = "bcrypt-5.0.0-cp313-cp313t-manylinux_2_34_aarch64.whl", hash = "sha256:83e787d7a84dbbfba6f250dd7a5efd689e935f03dd83b0f919d39349e1f23f83"},
    {file = "bcrypt-5.0.0-cp313-cp313t-manylinux_2_34_x86_64.whl", hash = "sha256:137c5156524328a24b9fac1cb5db0ba618bc97d11970b39184c1d87dc4bf1746"},
    {file = "bcrypt-5.0.0-cp313-cp313t-musllinux_1_1_aarch64.whl", hash = "sha256:38cac74101777a6a7d3b3e3cfefa57089b5ada650dce2baf0cbdd9d65db22a9e"},
    {file = "bcrypt-5.0.0-cp313-cp313t-musllinux_1_1_x86_64.whl", hash = "sha256:d8d65b564ec849643d9f7ea05c6d9f0cd7ca23bdd4ac0c2dbef1104ab504543d"},
    {file = "bcrypt-5.0.0-cp313-cp313t-musllinux_1_2_aarch64.whl", hash = "sha256:741449132f64b3524e95cd30e5cd3343006ce146088f074f31ab26b94e6c75ba"},
    {file = "bcrypt-5.0.0-cp313-cp313t-musllinux_1_2_x86_64.whl", hash = "sha256:212139484ab3207b1f0c00633d3be92fef3c5f0af17cad155679d03ff2ee1e41"},
    {file = "bcrypt-5.0.0-cp313-cp313t-win32.whl", hash = "sha256:9d52ed507c2488eddd6a95bccee4e808d3234fa78dd370e24bac65a21212b861"},
    {file = "bcrypt-5.0.0-cp313-cp313t-win_amd64.whl", hash = "sha256:f6984a24db30548fd39a44360532898c33528b74aedf81c26cf29c51ee47057e"},
    {file = "bcrypt-5.0.0-cp313-cp313t-win_arm64.whl", hash = "sha256:9fffdb387abe6aa775af36ef16f55e318dcda4194ddbf82007a6f21da29de8f5"},
    {file = "bcrypt-5.0.0-cp314-cp314t-macosx_10_12_universal2.whl", hash = "sha256:4870a52610537037adb382444fefd3706d96d663ac44cbb2f37e3919dca3d7ef"},
    {file = "bcrypt-5.0.0-cp314-cp314t-manylinux2014_aarch64.manylinux_2_17_aarch64.whl", hash = "sha256:48f753100931605686f74e27a7b49238122aa761a9aefe9373265b8b7aa43ea4"},
    {file = "bcrypt-5.0.0-cp314-cp314t-manylinux2014_x86_64.manylinux_2_17_x86_64.whl", hash = "sha256:f70aadb7a809305226daedf75d90379c397b094755a710d7014b8b117df1ebbf"},
    {file = "bcrypt-5.0.0-cp314-cp314t-manylinux_2_28_aarch64.whl", hash = "sha256:744d3c6b164caa658adcb72cb8cc9ad9b4b75c7db507ab4bc2480474a51989da"},
    {file = "bcrypt-5.0.0-cp314-cp314t-manylinux_2_28_armv7l.manylinux_2_31_armv7l.whl", hash = "sha256:a28bc05039bdf3289d757f49d616ab3efe8cf40d8e8001ccdd621cd4f98f4fc9"},
    {file = "bcrypt-5.0.0-cp314-cp314t-manylinux_2_28_x86_64.whl", hash = "sha256:7f277a4b3390ab4bebe597800a90da0edae882c6196d3038a73adf446c4f969f"},
    {file = "bcrypt-5.0.0-cp314-cp314t-manylinux_2_34_aarch64.whl", hash = "sha256:79cfa161eda8d2ddf29acad370356b47f02387153b11d46042e93a0a95127493"},
    {file = "bcrypt-5.0.0-cp314-cp314t-manylinux_2_34_x86_64.whl", hash = "sha256:a5393eae5722bcef046a990b84dff02b954904c36a194f6cfc817d7dca6c6f0b"},
    {file = "bcrypt-5.0.0-cp314-cp314t-musllinux_1_2_aarch64.whl", hash = "sha256:7f4c94dec1b5ab5d522750cb059bb9409ea8872d4494fd152b53cca99f1ddd8c"},
    {file = "bcrypt-5.0.0-cp314-cp314t-musllinux_1_2_x86_64.whl", hash = "sha256:0cae4cb350934dfd74c020525eeae0a5f79257e8a201c0c176f4b84fdbf2a4b4"},
    {file = "bcrypt-5.0.0-cp314-cp314t-win32.whl", hash = "sha256:b17366316c654e1ad0306a6858e189fc835eca39f7eb2cafd6aaca8ce0c40a2e"},
    {file = "bcrypt-5.0.0-cp314-cp314t-win_amd64.whl", hash = "sha256:92864f54fb48b4c718fc92a32825d0e42265a627f956bc0361fe869f1adc3e7d"},
    {file = "bcrypt-5.0.0-cp314-cp314t-win_arm64.whl", hash = "sha256:dd19cf5184a90c873009244586396a6a884d591a5323f0e8a5922560718d4993"},
    {file = "bcrypt-5.0.0-cp38-abi3-macosx_10_12_universal2.whl", hash = "sha256:fc746432b951e92b58317af8e0ca746efe93e66555f1b40888865ef5bf56446b"},
    {file = "bcrypt-5.0.0-cp38-abi3-manylinux2014_aarch64.manylinux_2_17_aarch64.whl", hash = "sha256:c2388ca94ffee269b6038d48747f4ce8df0ffbea43f31abfa18ac72f0218effb"},
    {file = "bcrypt-5.0.0-cp38-abi3-manylinux2014_x86_64.manylinux_2_17_x86_64.whl", hash = "sha256:560ddb6ec730386e7b3b26b8b4c88197aaed924430e7b74666a586ac997249ef"},
    {file = "bcrypt-5.0.0-cp38-abi3-manylinux_2_28_aarch64.whl", hash = "sha256:d79e5c65dcc9af213594d6f7f1fa2c98ad3fc10431e7aa53c176b441943efbdd"},
    {file = "bcrypt-5.0.0-cp38-abi3-manylinux_2_28_armv7l.manylinux_2_31_armv7l.whl", hash = "sha256:2b732e7d388fa22d48920baa267ba5d97cca38070b69c0e2d37087b381c681fd"},
    {file = "bcrypt-5.0.0-cp38-abi3-manylinux_2_28_x86_64.whl", hash = "sha256:0c8e093ea2532601a6f686edbc2c6b2ec24131ff5c52f7610dd64fa4553b5464"},
    {file = "bcrypt-5.0.0-cp38-abi3-manylinux_2_34_aarch64.whl", hash = "sha256:5b1589f4839a0899c146e8892efe320c0fa096568abd9b95593efac50a87cb75"},
    {file = "bcrypt-5.0.0-cp38-abi3-manylinux_2_34_x86_64.whl", hash = "sha256:89042e61b5e808b67daf24a434d89bab164d4de1746b37a8d173b6b14f3db9ff"},
    {file = "bcrypt-5.0.0-cp38-abi3-musllinux_1_1_aarch64.whl", hash = "sha256:e3cf5b2560c7b5a142286f69bde914494b6d8f901aaa71e453078388a50881c4"},
    {file = "bcrypt-5.0.0-cp38-abi3-musllinux_1_1_x86_64.whl", hash = "sha256:f632fd56fc4e61564f78b46a2269153122db34988e78b6be8b32d28507b7eaeb"},
    {file = "bcrypt-5.0.0-cp38-abi3-musllinux_1_2_aarch64.whl", hash = "sha256:801cad5ccb6b87d1b430f183269b94c24f248dddbbc5c1f78b6ed231743e001c"},
    {file = "bcrypt-5.0.0-cp38-abi3-musllinux_1_2_x86_64.whl", hash = "sha256:3cf67a804fc66fc217e6914a5635000259fbbbb12e78a99488e4d5ba445a71eb"},
    {file = "bcrypt-5.0.0-cp38-abi3-win32.whl", hash = "sha256:3abeb543874b2c0524ff40c57a4e14e5d3a66ff33fb423529c88f180fd756538"},
    {file = "bcrypt-5.0.0-cp38-abi3-win_amd64.whl", hash = "sha256:35a77ec55b541e5e583eb3436ffbbf53b0ffa1fa16ca6782279daf95d146dcd9"},
    {file = "bcrypt-5.0.0-cp38-abi3-win_arm64.whl", hash = "sha256:cde08734f12c6a4e28dc6755cd11d3bdfea608d93d958fffbe95a7026ebe4980"},
    {file = "bcrypt-5.0.0-cp39-abi3-macosx_10_12_universal2.whl", hash = "sha256:0c418ca99fd47e9c59a301744d63328f17798b5947b0f791e9af3c1c499c2d0a"},
    {file = "bcrypt-5.0.0-cp39-abi3-manylinux2014_aarch64.manylinux_2_17_aarch64.whl", hash = "sha256:ddb4e1500f6efdd402218ffe34d040a1196c072e07929b9820f363a1fd1f4191"},
    {file = "bcrypt-5.0.0-cp39-abi3-manylinux2014_x86_64.manylinux_2_17_x86_64.whl", hash = "sha256:7aeef54b60ceddb6f30ee3db090351ecf0d40ec6e2abf41430997407a46d2254"},
    {file = "bcrypt-5.0.0-cp39-abi3-manylinux_2_28_aarch64.whl", hash = "sha256:f0ce778135f60799d89c9693b9b398819d15f1921ba15fe719acb3178215a7db"},
    {file = "bcrypt-5.0.0-cp39-abi3-manylinux_2_28_armv7l.manylinux_2_31_armv7l.whl", hash = "sha256:a71f70ee269671460b37a449f5ff26982a6f2ba493b3eabdd687b4bf35f875ac"},
    {file = "bcrypt-5.0.0-cp39-abi3-manylinux_2_28_x86_64.whl", hash = "sha256:f8429e1c410b4073944f03bd778a9e066e7fad723564a52ff91841d278dfc822"},
    {file = "bcrypt-5.0.0-cp39-abi3-manylinux_2_34_aarch64.whl", hash = "sha256:edfcdcedd0d0f05850c52ba3127b1fce70b9f89e0fe5ff16517df7e81fa3cbb8"},
    {file = "bcrypt-5.0.0-cp39-abi3-manylinux_2_34_x86_64.whl", hash = "sha256:611f0a17aa4a25a69362dcc299fda5c8a3d4f160e2abb3831041feb77393a14a"},
    {file = "bcrypt-5.0.0-cp39-abi3-musllinux_1_1_aarch64.whl", hash = "sha256:db99dca3b1fdc3db87d7c57eac0c82281242d1eabf19dcb8a6b10eb29a2e72d1"},
    {file = "bcrypt-5.0.0-cp39-abi3-musllinux_1_1_x86_64.whl", hash = "sha256:5feebf85a9cefda32966d8171f5db7e3ba964b77fdfe31919622256f80f9cf42"},
    {file = "bcrypt-5.0.0-cp39-abi3-musllinux_1_2_aarch64.whl", hash = "sha256:3ca8a166b1140436e058298a34d88032ab62f15aae1c598580333dc21d27ef10"},
    {file = "bcrypt-5.0.0-cp39-abi3-musllinux_1_2_x86_64.whl", hash = "sha256:61afc381250c3182d9078551e3ac3a41da14154fbff647ddf52a769f588c4172"},
    {file = "bcrypt-5.0.0-cp39-abi3-win32.whl", hash = "sha256:64d7ce196203e468c457c37ec22390f1a61c85c6f0b8160fd752940ccfb3a683"},
    {file = "bcrypt-5.0.0-cp39-abi3-win_amd64.whl", hash = "sha256:64ee8434b0da054d830fa8e89e1c8bf30061d539044a39524ff7dec90481e5c2"},
    {file = "bcrypt-5.0.0-cp39-abi3-win_arm64.whl", hash = "sha256:f2347d3534e76bf50bca5500989d6c1d05ed64b440408057a37673282c654927"},
    {file = "bcrypt-5.0.0-pp311-pypy311_pp73-manylinux_2_28_aarch64.whl", hash = "sha256:7edda91d5ab52b15636d9c30da87d2cc84f426c72b9dba7a9b4fe142ba11f534"},
    {file = "bcrypt-5.0.0-pp311-pypy311_pp73-manylinux_2_28_x86_64.whl", hash = "sha256:046ad6db88edb3c5ece4369af997938fb1c19d6a699b9c1b27b0db432faae4c4"},
    {file = "bcrypt-5.0.0-pp311-pypy311_pp73-manylinux_2_34_aarch64.whl", hash = "sha256:dcd58e2b3a908b5ecc9b9df2f0085592506ac2d5110786018ee5e160f28e0911"},
    {file = "bcrypt-5.0.0-pp311-pypy311_pp73-manylinux_2_34_x86_64.whl", hash = "sha256:6b8f520b61e8781efee73cba14e3e8c9556ccfb375623f4f97429544734545b4"},
    {file = "bcrypt-5.0.0.tar.gz", hash = "sha256:f748f7c2d6fd375cc93d3fba7ef4a9e3a092421b8dbf34d8d4dc06be9492dfdd"},
]

[package.extras]
tests = ["pytest (>=3.2.1,!=3.3.0)"]
typecheck = ["mypy"]

[[package]]
name = "black"
version = "25.12.0"
description = "The uncompromising code formatter."
optional = false
python-versions = ">=3.10"
groups = ["main"]
files = [
    {file = "black-25.12.0-cp310-cp310-macosx_10_9_x86_64.whl", hash = "sha256:f85ba1ad15d446756b4ab5f3044731bf68b777f8f9ac9cdabd2425b97cd9c4e8"},
    {file = "black-25.12.0-cp310-cp310-macosx_11_0_arm64.whl", hash = "sha256:546eecfe9a3a6b46f9d69d8a642585a6eaf348bcbbc4d87a19635570e02d9f4a"},
    {file = "black-25.12.0-cp310-cp310-manylinux2014_x86_64.manylinux_2_17_x86_64.manylinux_2_28_x86_64.whl", hash = "sha256:17dcc893da8d73d8f74a596f64b7c98ef5239c2cd2b053c0f25912c4494bf9ea"},
    {file = "black-25.12.0-cp310-cp310-win_amd64.whl", hash = "sha256:09524b0e6af8ba7a3ffabdfc7a9922fb9adef60fed008c7cd2fc01f3048e6e6f"},
    {file = "black-25.12.0-cp310-cp310-win_arm64.whl", hash = "sha256:b162653ed89eb942758efeb29d5e333ca5bb90e5130216f8369857db5955a7da"},
    {file = "black-25.12.0-cp311-cp311-macosx_10_9_x86_64.whl", hash = "sha256:d0cfa263e85caea2cff57d8f917f9f51adae8e20b610e2b23de35b5b11ce691a"},
    {file = "black-25.12.0-cp311-cp311-macosx_11_0_arm64.whl", hash = "sha256:1a2f578ae20c19c50a382286ba78bfbeafdf788579b053d8e4980afb079ab9be"},
    {file = "black-25.12.0-cp311-cp311-manylinux2014_x86_64.manylinux_2_17_x86_64.manylinux_2_28_x86_64.whl", hash = "sha256:d3e1b65634b0e471d07ff86ec338819e2ef860689859ef4501ab7ac290431f9b"},
    {file = "black-25.12.0-cp311-cp311-win_amd64.whl", hash = "sha256:a3fa71e3b8dd9f7c6ac4d818345237dfb4175ed3bf37cd5a581dbc4c034f1ec5"},
    {file = "black-25.12.0-cp311-cp311-win_arm64.whl", hash = "sha256:51e267458f7e650afed8445dc7edb3187143003d52a1b710c7321aef22aa9655"},
    {file = "black-25.12.0-cp312-cp312-macosx_10_13_x86_64.whl", hash = "sha256:31f96b7c98c1ddaeb07dc0f56c652e25bdedaac76d5b68a059d998b57c55594a"},
    {file = "black-25.12.0-cp312-cp312-macosx_11_0_arm64.whl", hash = "sha256:05dd459a19e218078a1f98178c13f861fe6a9a5f88fc969ca4d9b49eb1809783"},
    {file = "black-25.12.0-cp312-cp312-manylinux2014_x86_64.manylinux_2_17_x86_64.manylinux_2_28_x86_64.whl", hash = "sha256:c1f68c5eff61f226934be6b5b80296cf6939e5d2f0c2f7d543ea08b204bfaf59"},
    {file = "black-25.12.0-cp312-cp312-win_amd64.whl", hash = "sha256:274f940c147ddab4442d316b27f9e332ca586d39c85ecf59ebdea82cc9ee8892"},
    {file = "black-25.12.0-cp312-cp312-win_arm64.whl", hash = "sha256:169506ba91ef21e2e0591563deda7f00030cb466e747c4b09cb0a9dae5db2f43"},
    {file = "black-25.12.0-cp313-cp313-macosx_10_13_x86_64.whl", hash = "sha256:a05ddeb656534c3e27a05a29196c962877c83fa5503db89e68857d1161ad08a5"},
    {file = "black-25.12.0-cp313-cp313-macosx_11_0_arm64.whl", hash = "sha256:9ec77439ef3e34896995503865a85732c94396edcc739f302c5673a2315e1e7f"},
    {file = "black-25.12.0-cp313-cp313-manylinux2014_x86_64.manylinux_2_17_x86_64.manylinux_2_28_x86_64.whl", hash = "sha256:0e509c858adf63aa61d908061b52e580c40eae0dfa72415fa47ac01b12e29baf"},
    {file = "black-25.12.0-cp313-cp313-win_amd64.whl", hash = "sha256:252678f07f5bac4ff0d0e9b261fbb029fa530cfa206d0a636a34ab445ef8ca9d"},
    {file = "black-25.12.0-cp313-cp313-win_arm64.whl", hash = "sha256:bc5b1c09fe3c931ddd20ee548511c64ebf964ada7e6f0763d443947fd1c603ce"},
    {file = "black-25.12.0-cp314-cp314-macosx_10_15_x86_64.whl", hash = "sha256:0a0953b134f9335c2434864a643c842c44fba562155c738a2a37a4d61f00cad5"},
    {file = "black-25.12.0-cp314-cp314-macosx_11_0_arm64.whl", hash = "sha256:2355bbb6c3b76062870942d8cc450d4f8ac71f9c93c40122762c8784df49543f"},
    {file = "black-25.12.0-cp314-cp314-manylinux2014_x86_64.manylinux_2_17_x86_64.manylinux_2_28_x86_64.whl", hash = "sha256:9678bd991cc793e81d19aeeae57966ee02909877cb65838ccffef24c3ebac08f"},
    {file = "black-25.12.0-cp314-cp314-win_amd64.whl", hash = "sha256:97596189949a8aad13ad12fcbb4ae89330039b96ad6742e6f6b45e75ad5cfd83"},
    {file = "black-25.12.0-cp314-cp314-win_arm64.whl", hash = "sha256:778285d9ea197f34704e3791ea9404cd6d07595745907dd2ce3da7a13627b29b"},
    {file = "black-25.12.0-py3-none-any.whl", hash = "sha256:48ceb36c16dbc84062740049eef990bb2ce07598272e673c17d1a7720c71c828"},
    {file = "black-25.12.0.tar.gz", hash = "sha256:8d3dd9cea14bff7ddc0eb243c811cdb1a011ebb4800a5f0335a01a68654796a7"},
]

[package.dependencies]
click = ">=8.0.0"
mypy-extensions = ">=0.4.3"
packaging = ">=22.0"
pathspec = ">=0.9.0"
platformdirs = ">=2"
pytokens = ">=0.3.0"

[package.extras]
colorama = ["colorama (>=0.4.3)"]
d = ["aiohttp (>=3.10)"]
jupyter = ["ipython (>=7.8.0)", "tokenize-rt (>=3.2.0)"]
uvloop = ["uvloop (>=0.15.2)"]

[[package]]
name = "click"
version = "8.3.1"
description = "Composable command line interface toolkit"
optional = false
python-versions = ">=3.10"
groups = ["main"]
files = [
    {file = "click-8.3.1-py3-none-any.whl", hash = "sha256:981153a64e25f12d547d3426c367a4857371575ee7ad18df2a6183ab0545b2a6"},
    {file = "click-8.3.1.tar.gz", hash = "sha256:12ff4785d337a1bb490bb7e9c2b1ee5da3112e94a8622f26a6c77f5d2fc6842a"},
]

[package.dependencies]
colorama = {version = "*", markers = "platform_system == \"Windows\""}

[[package]]
name = "colorama"
version = "0.4.6"
description = "Cross-platform colored terminal text."
optional = false
python-versions = "!=3.0.*,!=3.1.*,!=3.2.*,!=3.3.*,!=3.4.*,!=3.5.*,!=3.6.*,>=2.7"
groups = ["main", "dev"]
files = [
    {file = "colorama-0.4.6-py2.py3-none-any.whl", hash = "sha256:4f1d9991f5acc0ca119f9d443620b77f9d6b33703e51011c16baf57afb285fc6"},
    {file = "colorama-0.4.6.tar.gz", hash = "sha256:08695f5cb7ed6e0531a20572697297273c47b8cae5a63ffc6d6ed5c201be6e44"},
]
markers = {main = "platform_system == \"Windows\" or sys_platform == \"win32\"", dev = "sys_platform == \"win32\""}

[[package]]
name = "iniconfig"
version = "2.3.0"
description = "brain-dead simple config-ini parsing"
optional = false
python-versions = ">=3.10"
groups = ["main", "dev"]
files = [
    {file = "iniconfig-2.3.0-py3-none-any.whl", hash = "sha256:f631c04d2c48c52b84d0d0549c99ff3859c98df65b3101406327ecc7d53fbf12"},
    {file = "iniconfig-2.3.0.tar.gz", hash = "sha256:c76315c77db068650d49c5b56314774a7804df16fee4402c1f19d6d15d8c4730"},
]

[[package]]
name = "mypy-extensions"
version = "1.1.0"
description = "Type system extensions for programs checked with the mypy type checker."
optional = false
python-versions = ">=3.8"
groups = ["main"]
files = [
    {file = "mypy_extensions-1.1.0-py3-none-any.whl", hash = "sha256:1be4cccdb0f2482337c4743e60421de3a356cd97508abadd57d47403e94f5505"},
    {file = "mypy_extensions-1.1.0.tar.gz", hash = "sha256:52e68efc3284861e772bbcd66823fde5ae21fd2fdb51c62a211403730b916558"},
]

[[package]]
name = "packaging"
version = "25.0"
description = "Core utilities for Python packages"
optional = false
python-versions = ">=3.8"
groups = ["main", "dev"]
files = [
    {file = "packaging-25.0-py3-none-any.whl", hash = "sha256:29572ef2b1f17581046b3a2227d5c611fb25ec70ca1ba8554b24b0e69331a484"},
    {file = "packaging-25.0.tar.gz", hash = "sha256:d443872c98d677bf60f6a1f2f8c1cb748e8fe762d2bf9d3148b5599295b0fc4f"},
]

[[package]]
name = "pathspec"
version = "0.12.1"
description = "Utility library for gitignore style pattern matching of file paths."
optional = false
python-versions = ">=3.8"
groups = ["main"]
files = [
    {file = "pathspec-0.12.1-py3-none-any.whl", hash = "sha256:a0d503e138a4c123b27490a4f7beda6a01c6f288df0e4a8b79c7eb0dc7b4cc08"},
    {file = "pathspec-0.12.1.tar.gz", hash = "sha256:a482d51503a1ab33b1c67a6c3813a26953dbdc71c31dacaef9a838c4e29f5712"},
]

[[package]]
name = "platformdirs"
version = "4.5.1"
description = "A small Python package for determining appropriate platform-specific dirs, e.g. a `user data dir`."
optional = false
python-versions = ">=3.10"
groups = ["main"]
files = [
    {file = "platformdirs-4.5.1-py3-none-any.whl", hash = "sha256:d03afa3963c806a9bed9d5125c8f4cb2fdaf74a55ab60e5d59b3fde758104d31"},
    {file = "platformdirs-4.5.1.tar.gz", hash = "sha256:61d5cdcc6065745cdd94f0f878977f8de9437be93de97c1c12f853c9c0cdcbda"},
]

[package.extras]
docs = ["furo (>=2025.9.25)", "proselint (>=0.14)", "sphinx (>=8.2.3)", "sphinx-autodoc-typehints (>=3.2)"]
test = ["appdirs (==1.4.4)", "covdefaults (>=2.3)", "pytest (>=8.4.2)", "pytest-cov (>=7)", "pytest-mock (>=3.15.1)"]
type = ["mypy (>=1.18.2)"]

[[package]]
name = "pluggy"
version = "1.6.0"
description = "plugin and hook calling mechanisms for python"
optional = false
python-versions = ">=3.9"
groups = ["main", "dev"]
files = [
    {file = "pluggy-1.6.0-py3-none-any.whl", hash = "sha256:e920276dd6813095e9377c0bc5566d94c932c33b27a3e3945d8389c374dd4746"},
    {file = "pluggy-1.6.0.tar.gz", hash = "sha256:7dcc130b76258d33b90f61b658791dede3486c3e6bfb003ee5c9bfb396dd22f3"},
]

[package.extras]
dev = ["pre-commit", "tox"]
testing = ["coverage", "pytest", "pytest-benchmark"]

[[package]]
name = "pygments"
version = "2.19.2"
description = "Pygments is a syntax highlighting package written in Python."
optional = false
python-versions = ">=3.8"
groups = ["main", "dev"]
files = [
    {file = "pygments-2.19.2-py3-none-any.whl", hash = "sha256:86540386c03d588bb81d44bc3928634ff26449851e99741617ecb9037ee5ec0b"},
    {file = "pygments-2.19.2.tar.gz", hash = "sha256:636cb2477cec7f8952536970bc533bc43743542f70392ae026374600add5b887"},
]

[package.extras]
windows-terminal = ["colorama (>=0.4.6)"]

[[package]]
name = "pytest"
version = "9.0.2"
description = "pytest: simple powerful testing with Python"
optional = false
python-versions = ">=3.10"
groups = ["main", "dev"]
files = [
    {file = "pytest-9.0.2-py3-none-any.whl", hash = "sha256:711ffd45bf766d5264d487b917733b453d917afd2b0ad65223959f59089f875b"},
    {file = "pytest-9.0.2.tar.gz", hash = "sha256:75186651a92bd89611d1d9fc20f0b4345fd827c41ccd5c299a868a05d70edf11"},
]

[package.dependencies]
colorama = {version = ">=0.4", markers = "sys_platform == \"win32\""}
iniconfig = ">=1.0.1"
packaging = ">=22"
pluggy = ">=1.5,<2"
pygments = ">=2.7.2"

[package.extras]
dev = ["argcomplete", "attrs (>=19.2)", "hypothesis (>=3.56)", "mock", "requests", "setuptools", "xmlschema"]

[[package]]
name = "pytest-mock"
version = "3.15.1"
description = "Thin-wrapper around the mock package for easier use with pytest"
optional = false
python-versions = ">=3.9"
groups = ["dev"]
files = [
    {file = "pytest_mock-3.15.1-py3-none-any.whl", hash = "sha256:0a25e2eb88fe5168d535041d09a4529a188176ae608a6d249ee65abc0949630d"},
    {file = "pytest_mock-3.15.1.tar.gz", hash = "sha256:1849a238f6f396da19762269de72cb1814ab44416fa73a8686deac10b0d87a0f"},
]

[package.dependencies]
pytest = ">=6.2.5"

[package.extras]
dev = ["pre-commit", "pytest-asyncio", "tox"]

[[package]]
name = "pytokens"
version = "0.3.0"
description = "A Fast, spec compliant Python 3.14+ tokenizer that runs on older Pythons."
optional = false
python-versions = ">=3.8"
groups = ["main"]
files = [
    {file = "pytokens-0.3.0-py3-none-any.whl", hash = "sha256:95b2b5eaf832e469d141a378872480ede3f251a5a5041b8ec6e581d3ac71bbf3"},
    {file = "pytokens-0.3.0.tar.gz", hash = "sha256:2f932b14ed08de5fcf0b391ace2642f858f1394c0857202959000b68ed7a458a"},
]

[package.extras]
dev = ["black", "build", "mypy", "pytest", "pytest-cov", "setuptools", "tox", "twine", "wheel"]

[[package]]
name = "ruff"
version = "0.14.9"
description = "An extremely fast Python linter and code formatter, written in Rust."
optional = false
python-versions = ">=3.7"
groups = ["main"]
files = [
    {file = "ruff-0.14.9-py3-none-linux_armv6l.whl", hash = "sha256:f1ec5de1ce150ca6e43691f4a9ef5c04574ad9ca35c8b3b0e18877314aba7e75"},
    {file = "ruff-0.14.9-py3-none-macosx_10_12_x86_64.whl", hash = "sha256:ed9d7417a299fc6030b4f26333bf1117ed82a61ea91238558c0268c14e00d0c2"},
    {file = "ruff-0.14.9-py3-none-macosx_11_0_arm64.whl", hash = "sha256:d5dc3473c3f0e4a1008d0ef1d75cee24a48e254c8bed3a7afdd2b4392657ed2c"},
    {file = "ruff-0.14.9-py3-none-manylinux_2_17_aarch64.manylinux2014_aarch64.whl", hash = "sha256:84bf7c698fc8f3cb8278830fb6b5a47f9bcc1ed8cb4f689b9dd02698fa840697"},
    {file = "ruff-0.14.9-py3-none-manylinux_2_17_armv7l.manylinux2014_armv7l.whl", hash = "sha256:aa733093d1f9d88a5d98988d8834ef5d6f9828d03743bf5e338bf980a19fce27"},
    {file = "ruff-0.14.9-py3-none-manylinux_2_17_i686.manylinux2014_i686.whl", hash = "sha256:6a1cfb04eda979b20c8c19550c8b5f498df64ff8da151283311ce3199e8b3648"},
    {file = "ruff-0.14.9-py3-none-manylinux_2_17_ppc64.manylinux2014_ppc64.whl", hash = "sha256:1e5cb521e5ccf0008bd74d5595a4580313844a42b9103b7388eca5a12c970743"},
    {file = "ruff-0.14.9-py3-none-manylinux_2_17_ppc64le.manylinux2014_ppc64le.whl", hash = "sha256:cd429a8926be6bba4befa8cdcf3f4dd2591c413ea5066b1e99155ed245ae42bb"},
    {file = "ruff-0.14.9-py3-none-manylinux_2_17_s390x.manylinux2014_s390x.whl", hash = "sha256:ab208c1b7a492e37caeaf290b1378148f75e13c2225af5d44628b95fd7834273"},
    {file = "ruff-0.14.9-py3-none-manylinux_2_17_x86_64.manylinux2014_x86_64.whl", hash = "sha256:72034534e5b11e8a593f517b2f2f2b273eb68a30978c6a2d40473ad0aaa4cb4a"},
    {file = "ruff-0.14.9-py3-none-manylinux_2_31_riscv64.whl", hash = "sha256:712ff04f44663f1b90a1195f51525836e3413c8a773574a7b7775554269c30ed"},
    {file = "ruff-0.14.9-py3-none-musllinux_1_2_aarch64.whl", hash = "sha256:a111fee1db6f1d5d5810245295527cda1d367c5aa8f42e0fca9a78ede9b4498b"},
    {file = "ruff-0.14.9-py3-none-musllinux_1_2_armv7l.whl", hash = "sha256:8769efc71558fecc25eb295ddec7d1030d41a51e9dcf127cbd63ec517f22d567"},
    {file = "ruff-0.14.9-py3-none-musllinux_1_2_i686.whl", hash = "sha256:347e3bf16197e8a2de17940cd75fd6491e25c0aa7edf7d61aa03f146a1aa885a"},
    {file = "ruff-0.14.9-py3-none-musllinux_1_2_x86_64.whl", hash = "sha256:7715d14e5bccf5b660f54516558aa94781d3eb0838f8e706fb60e3ff6eff03a8"},
    {file = "ruff-0.14.9-py3-none-win32.whl", hash = "sha256:df0937f30aaabe83da172adaf8937003ff28172f59ca9f17883b4213783df197"},
    {file = "ruff-0.14.9-py3-none-win_amd64.whl", hash = "sha256:c0b53a10e61df15a42ed711ec0bda0c582039cf6c754c49c020084c55b5b0bc2"},
    {file = "ruff-0.14.9-py3-none-win_arm64.whl", hash = "sha256:8e821c366517a074046d92f0e9213ed1c13dbc5b37a7fc20b07f79b64d62cc84"},
    {file = "ruff-0.14.9.tar.gz", hash = "sha256:35f85b25dd586381c0cc053f48826109384c81c00ad7ef1bd977bfcc28119d5b"},
]

[metadata]
lock-version = "2.1"
python-versions = ">=3.13"
content-hash = "49d5a0d261cccb109d137ab22cb8cd0b97dc3fe0792aa0f2fec4fc61258f33cc"
